
Microsoft Visual Studio Solution File, Format Version 12.00
# Visual Studio Version 16
VisualStudioVersion = 16.0.30114.105
MinimumVisualStudioVersion = 10.0.40219.1
Project("{FAE04EC0-301F-11D3-BF4B-00C04F79EFBC}") = "CommanderAPI", "CommanderAPI\CommanderAPI.csproj", "{981D1D5C-1DEF-4F5E-AF47-0740A60F13ED}"
EndProject
Global
	GlobalSection(SolutionConfigurationPlatforms) = preSolution
		Debug|Any CPU = Debug|Any CPU
		Release|Any CPU = Release|Any CPU
	EndGlobalSection
	GlobalSection(ProjectConfigurationPlatforms) = postSolution
		{981D1D5C-1DEF-4F5E-AF47-0740A60F13ED}.Debug|Any CPU.ActiveCfg = Debug|Any CPU
		{981D1D5C-1DEF-4F5E-AF47-0740A60F13ED}.Debug|Any CPU.Build.0 = Debug|Any CPU
		{981D1D5C-1DEF-4F5E-AF47-0740A60F13ED}.Release|Any CPU.ActiveCfg = Release|Any CPU
		{981D1D5C-1DEF-4F5E-AF47-0740A60F13ED}.Release|Any CPU.Build.0 = Release|Any CPU
	EndGlobalSection
	GlobalSection(SolutionProperties) = preSolution
		HideSolutionNode = FALSE
	EndGlobalSection
	GlobalSection(ExtensibilityGlobals) = postSolution
		SolutionGuid = {8D4800C5-587E-4DCC-9291-62FDA6D644DE}
	EndGlobalSection
EndGlobal
